github.com/vladimirvivien/gexe v0.5.0 h1:AWBVaYnrTsGYBktXvcO0DfWPeSiZxn6mnQ5nvL+A1/A=
github.com/vladimirvivien/gexe v0.5.0/go.mod h1:3gjgTqE2c0VyHnU5UOIwk7gyNzZDGulPb/DJPgcw64E=
golang.org/x/sys v0.37.0 h1:fdNQudmxPjkdUTPnLn5mdQv7Zwvbvpaxqs831goi9kQ=
golang.org/x/sys v0.37.0/go.mod h1:OgkHotnGiDImocRcuBABYBEXf8A9a87e/uXjp9XT3ks=
